// !$*UTF8*$!
{
	archiveVersion = 1;
	classes = {
	};
	objectVersion = 46;
	objects = {

/* Begin PBXBuildFile section */
		0207DA581B56EA530066E2B4 /* Images.xcassets in Resources */ = {isa = PBXBuildFile; fileRef = 0207DA571B56EA530066E2B4 /* Images.xcassets */; };
		1AFD68DEEA9B4660AC4BE45C /* CoreLocation.framework in Frameworks */ = {isa = PBXBuildFile; fileRef = 646211BCED5F437E9AA510A5 /* CoreLocation.framework */; settings = {ATTRIBUTES = (Weak, ); }; };
		1D3623260D0F684500981E51 /* AppDelegate.m in Sources */ = {isa = PBXBuildFile; fileRef = 1D3623250D0F684500981E51 /* AppDelegate.m */; };
		1D60589B0D05DD56006BFB54 /* main.m in Sources */ = {isa = PBXBuildFile; fileRef = 29B97316FDCFA39411CA2CEA /* main.m */; };
		1E11F86B92EF4FA38A7BCF8F /* Accelerate.framework in Frameworks */ = {isa = PBXBuildFile; fileRef = A1C25E47509B4089B6FD98B2 /* Accelerate.framework */; };
		2ECD0FB524DD4B89886904C8 /* CoreVideo.framework in Frameworks */ = {isa = PBXBuildFile; fileRef = 31C5164BC6964CCDB1F0433F /* CoreVideo.framework */; };
		2F6A2261649743A2B107A959 /* libopencv_core.a in Frameworks */ = {isa = PBXBuildFile; fileRef = D26AA5B7F6684284B14BD63F /* libopencv_core.a */; };
		301BF552109A68D80062928A /* libCordova.a in Frameworks */ = {isa = PBXBuildFile; fileRef = 301BF535109A57CC0062928A /* libCordova.a */; };
		302D95F114D2391D003F00A1 /* MainViewController.m in Sources */ = {isa = PBXBuildFile; fileRef = 302D95EF14D2391D003F00A1 /* MainViewController.m */; };
		302D95F214D2391D003F00A1 /* MainViewController.xib in Resources */ = {isa = PBXBuildFile; fileRef = 302D95F014D2391D003F00A1 /* MainViewController.xib */; };
		30C0B8E9C2DD44DA8BAFA598 /* libz.tbd in Frameworks */ = {isa = PBXBuildFile; fileRef = E57DE4141B7347A294675A49 /* libz.tbd */; settings = {ATTRIBUTES = (Weak, ); }; };
		32615E3ADB21421786D4A41E /* CoreText.framework in Frameworks */ = {isa = PBXBuildFile; fileRef = BE7E901A96984AAA8FC71674 /* CoreText.framework */; settings = {ATTRIBUTES = (Weak, ); }; };
		371320721CC9C51600D08DE4 /* StoreKit.framework in Frameworks */ = {isa = PBXBuildFile; fileRef = 371320711CC9C51600D08DE4 /* StoreKit.framework */; };
		39DA1159730A4F77A4EC43C4 /* UIKit.framework in Frameworks */ = {isa = PBXBuildFile; fileRef = A81CE1F3DC10434288CFBC6A /* UIKit.framework */; };
		3C45CFBB22F24B65B42153CB /* OpenGLES.framework in Frameworks */ = {isa = PBXBuildFile; fileRef = 5114FB19FF1141BCA5BD7E4C /* OpenGLES.framework */; };
		443DF6466CF0429DBF7D6358 /* CFNetwork.framework in Frameworks */ = {isa = PBXBuildFile; fileRef = C96926042C8D4ECDBFEBE5D4 /* CFNetwork.framework */; };
		5431C0753E8C4D1AB959BBBB /* CoreMedia.framework in Frameworks */ = {isa = PBXBuildFile; fileRef = E2FA86C8A1254879A9955832 /* CoreMedia.framework */; settings = {ATTRIBUTES = (Weak, ); }; };
		5AC1D3CB71BC4C478F140CB2 /* SystemConfiguration.framework in Frameworks */ = {isa = PBXBuildFile; fileRef = 782CAAF4A5924A0E9376CCFD /* SystemConfiguration.framework */; };
		5C45DD7DA4124D64AD215884 /* AudioToolbox.framework in Frameworks */ = {isa = PBXBuildFile; fileRef = 934CA86551C24F0B9DAF5D14 /* AudioToolbox.framework */; };
		6424ADD27D6D449AAE079D8F /* libPayPalMobile.a in Frameworks */ = {isa = PBXBuildFile; fileRef = 23735529F0BF45DBAB8D990E /* libPayPalMobile.a */; };
		67D54CEA7803416D9AE913D9 /* CDVInAppBrowser.m in Sources */ = {isa = PBXBuildFile; fileRef = CE5B6315E3694F0BA0113680 /* CDVInAppBrowser.m */; };
		71D3467EA806469E85FD79D0 /* libCardIO.a in Frameworks */ = {isa = PBXBuildFile; fileRef = DDAAB2FB4B7C4560BB355FE7 /* libCardIO.a */; };
		744E82A64D8D40B4AB6C4E8F /* QuartzCore.framework in Frameworks */ = {isa = PBXBuildFile; fileRef = 75E97D811F5E41B89938EA2C /* QuartzCore.framework */; };
		7D413E49F02C42B9BFE67E5F /* CDVLocation.m in Sources */ = {isa = PBXBuildFile; fileRef = D61A89689A494DFAA309AC0D /* CDVLocation.m */; };
		8640FB1B77FC4E5A98FFB70E /* PayPalMobileCordovaPlugin.m in Sources */ = {isa = PBXBuildFile; fileRef = 93CB3324157542569873B58B /* PayPalMobileCordovaPlugin.m */; };
		94524940CA8949438C00B425 /* libz.dylib in Frameworks */ = {isa = PBXBuildFile; fileRef = 863363030A0141BC9AC47501 /* libz.dylib */; settings = {ATTRIBUTES = (Weak, ); }; };
		A6CB844E44EC418EB192C40E /* AddressBook.framework in Frameworks */ = {isa = PBXBuildFile; fileRef = 805FE55C9F0B4C279181894E /* AddressBook.framework */; settings = {ATTRIBUTES = (Weak, ); }; };
		B222D14F10F34E65A76FB72B /* Security.framework in Frameworks */ = {isa = PBXBuildFile; fileRef = A32FE498D3C7412E8AA8E845 /* Security.framework */; };
		B84C566FEE4040728CB57FF3 /* libCardIO.a in Frameworks */ = {isa = PBXBuildFile; fileRef = D5C04B93ECBF40A6879B330A /* libCardIO.a */; };
		BE62F8B1AE3E42E694F02B34 /* libopencv_core.a in Frameworks */ = {isa = PBXBuildFile; fileRef = 4B95292CA70F412F9CC63237 /* libopencv_core.a */; };
		C5E78569CE7249A18ACC9334 /* SafariServices.framework in Frameworks */ = {isa = PBXBuildFile; fileRef = 850064B11CC04747A8E1F3A3 /* SafariServices.framework */; };
		C687DDA0082A4C418E6F67C5 /* libopencv_imgproc.a in Frameworks */ = {isa = PBXBuildFile; fileRef = 8B003D3A37FE4195A3C48063 /* libopencv_imgproc.a */; };
		C730D303CDA948918994FBC3 /* libopencv_imgproc.a in Frameworks */ = {isa = PBXBuildFile; fileRef = 430FE2A9FC0744B5A7A71E1E /* libopencv_imgproc.a */; };
		D31782E1C4F944F3A74DB142 /* libPayPalMobile.a in Frameworks */ = {isa = PBXBuildFile; fileRef = BADFC249142940CC8D367322 /* libPayPalMobile.a */; };
		DAFF08201E0549A58C605871 /* AVFoundation.framework in Frameworks */ = {isa = PBXBuildFile; fileRef = 24EEB19E51B84F59B843E04F /* AVFoundation.framework */; };
		E00FE1B34D1C4C80BE9957CC /* libc++.dylib in Frameworks */ = {isa = PBXBuildFile; fileRef = B1A4A12F78594016AC90E64A /* libc++.dylib */; };
		EB07558CCF2F4A57B04452EC /* MessageUI.framework in Frameworks */ = {isa = PBXBuildFile; fileRef = ECA46214EA4E4E0BA19D92F5 /* MessageUI.framework */; };
/* End PBXBuildFile section */

/* Begin PBXContainerItemProxy section */
		301BF534109A57CC0062928A /* PBXContainerItemProxy */ = {
			isa = PBXContainerItemProxy;
			containerPortal = 301BF52D109A57CC0062928A /* CordovaLib.xcodeproj */;
			proxyType = 2;
			remoteGlobalIDString = D2AAC07E0554694100DB518D;
			remoteInfo = CordovaLib;
		};
		301BF550109A68C00062928A /* PBXContainerItemProxy */ = {
			isa = PBXContainerItemProxy;
			containerPortal = 301BF52D109A57CC0062928A /* CordovaLib.xcodeproj */;
			proxyType = 1;
			remoteGlobalIDString = D2AAC07D0554694100DB518D;
			remoteInfo = CordovaLib;
		};
/* End PBXContainerItemProxy section */

/* Begin PBXFileReference section */
		0207DA571B56EA530066E2B4 /* Images.xcassets */ = {isa = PBXFileReference; lastKnownFileType = folder.assetcatalog; name = Images.xcassets; path = JargerGin/Images.xcassets; sourceTree = SOURCE_ROOT; };
		07CCC7000B2443EEB5100B4D /* PayPalMobile.h */ = {isa = PBXFileReference; explicitFileType = undefined; fileEncoding = 4; includeInIndex = 0; lastKnownFileType = sourcecode.c.h; name = PayPalMobile.h; path = com.paypal.cordova.mobilesdk/PayPalMobile.h; sourceTree = "<group>"; };
		1C51C0350F604FCCB618CBAD /* PayPalMobileCordovaPlugin.h */ = {isa = PBXFileReference; explicitFileType = undefined; fileEncoding = 4; includeInIndex = 0; lastKnownFileType = sourcecode.c.h; name = PayPalMobileCordovaPlugin.h; path = com.paypal.cordova.mobilesdk/PayPalMobileCordovaPlugin.h; sourceTree = "<group>"; };
		1D3623240D0F684500981E51 /* AppDelegate.h */ = {isa = PBXFileReference; fileEncoding = 4; lastKnownFileType = sourcecode.c.h; path = AppDelegate.h; sourceTree = "<group>"; };
		1D3623250D0F684500981E51 /* AppDelegate.m */ = {isa = PBXFileReference; fileEncoding = 4; lastKnownFileType = sourcecode.c.objc; path = AppDelegate.m; sourceTree = "<group>"; };
		1D6058910D05DD3D006BFB54 /* JargerGin.app */ = {isa = PBXFileReference; explicitFileType = wrapper.application; includeInIndex = 0; path = JargerGin.app; sourceTree = BUILT_PRODUCTS_DIR; };
		2245C9CBC84A4A5C9BDFB603 /* PayPalConfiguration.h */ = {isa = PBXFileReference; explicitFileType = undefined; fileEncoding = 4; includeInIndex = 0; lastKnownFileType = sourcecode.c.h; name = PayPalConfiguration.h; path = com.paypal.cordova.mobilesdk/PayPalConfiguration.h; sourceTree = "<group>"; };
		23735529F0BF45DBAB8D990E /* libPayPalMobile.a */ = {isa = PBXFileReference; explicitFileType = undefined; fileEncoding = 9; includeInIndex = 0; lastKnownFileType = archive.ar; path = libPayPalMobile.a; sourceTree = "<group>"; };
		24EEB19E51B84F59B843E04F /* AVFoundation.framework */ = {isa = PBXFileReference; explicitFileType = undefined; fileEncoding = 9; includeInIndex = 0; lastKnownFileType = wrapper.framework; name = AVFoundation.framework; path = System/Library/Frameworks/AVFoundation.framework; sourceTree = SDKROOT; };
		26327754F0D24DE9A49D86C9 /* PayPalProfileSharingViewController.h */ = {isa = PBXFileReference; explicitFileType = undefined; fileEncoding = 4; includeInIndex = 0; lastKnownFileType = sourcecode.c.h; name = PayPalProfileSharingViewController.h; path = com.paypal.cordova.mobilesdk/PayPalProfileSharingViewController.h; sourceTree = "<group>"; };
		29B97316FDCFA39411CA2CEA /* main.m */ = {isa = PBXFileReference; fileEncoding = 4; lastKnownFileType = sourcecode.c.objc; path = main.m; sourceTree = "<group>"; };
		301BF52D109A57CC0062928A /* CordovaLib.xcodeproj */ = {isa = PBXFileReference; lastKnownFileType = "wrapper.pb-project"; name = CordovaLib.xcodeproj; path = CordovaLib/CordovaLib.xcodeproj; sourceTree = "<group>"; };
		301BF56E109A69640062928A /* www */ = {isa = PBXFileReference; lastKnownFileType = folder; path = www; sourceTree = SOURCE_ROOT; };
		302D95EE14D2391D003F00A1 /* MainViewController.h */ = {isa = PBXFileReference; fileEncoding = 4; lastKnownFileType = sourcecode.c.h; path = MainViewController.h; sourceTree = "<group>"; };
		302D95EF14D2391D003F00A1 /* MainViewController.m */ = {isa = PBXFileReference; fileEncoding = 4; lastKnownFileType = sourcecode.c.objc; path = MainViewController.m; sourceTree = "<group>"; };
		302D95F014D2391D003F00A1 /* MainViewController.xib */ = {isa = PBXFileReference; fileEncoding = 4; lastKnownFileType = file.xib; path = MainViewController.xib; sourceTree = "<group>"; };
		3047A50F1AB8059700498E2A /* build-debug.xcconfig */ = {isa = PBXFileReference; fileEncoding = 4; lastKnownFileType = text.xcconfig; name = "build-debug.xcconfig"; path = "cordova/build-debug.xcconfig"; sourceTree = SOURCE_ROOT; };
		3047A5101AB8059700498E2A /* build-release.xcconfig */ = {isa = PBXFileReference; fileEncoding = 4; lastKnownFileType = text.xcconfig; name = "build-release.xcconfig"; path = "cordova/build-release.xcconfig"; sourceTree = SOURCE_ROOT; };
		3047A5111AB8059700498E2A /* build.xcconfig */ = {isa = PBXFileReference; fileEncoding = 4; lastKnownFileType = text.xcconfig; name = build.xcconfig; path = cordova/build.xcconfig; sourceTree = SOURCE_ROOT; };
		31C5164BC6964CCDB1F0433F /* CoreVideo.framework */ = {isa = PBXFileReference; explicitFileType = undefined; fileEncoding = 9; includeInIndex = 0; lastKnownFileType = wrapper.framework; name = CoreVideo.framework; path = System/Library/Frameworks/CoreVideo.framework; sourceTree = SDKROOT; };
		32CA4F630368D1EE00C91783 /* JargerGin-Prefix.pch */ = {isa = PBXFileReference; fileEncoding = 4; lastKnownFileType = sourcecode.c.h; path = "JargerGin-Prefix.pch"; sourceTree = "<group>"; };
		371320711CC9C51600D08DE4 /* StoreKit.framework */ = {isa = PBXFileReference; lastKnownFileType = wrapper.framework; name = StoreKit.framework; path = System/Library/Frameworks/StoreKit.framework; sourceTree = SDKROOT; };
		430FE2A9FC0744B5A7A71E1E /* libopencv_imgproc.a */ = {isa = PBXFileReference; explicitFileType = undefined; fileEncoding = 9; includeInIndex = 0; lastKnownFileType = archive.ar; name = libopencv_imgproc.a; path = JargerGin/Plugins/com.paypal.cordova.mobilesdk/libopencv_imgproc.a; sourceTree = "<group>"; };
		4B95292CA70F412F9CC63237 /* libopencv_core.a */ = {isa = PBXFileReference; explicitFileType = undefined; fileEncoding = 9; includeInIndex = 0; lastKnownFileType = archive.ar; path = libopencv_core.a; sourceTree = "<group>"; };
		5114FB19FF1141BCA5BD7E4C /* OpenGLES.framework */ = {isa = PBXFileReference; explicitFileType = undefined; fileEncoding = 9; includeInIndex = 0; lastKnownFileType = wrapper.framework; name = OpenGLES.framework; path = System/Library/Frameworks/OpenGLES.framework; sourceTree = SDKROOT; };
		515CE92DAA1F48F28FB681E8 /* CDVInAppBrowser.h */ = {isa = PBXFileReference; explicitFileType = undefined; fileEncoding = 4; includeInIndex = 0; lastKnownFileType = sourcecode.c.h; name = CDVInAppBrowser.h; path = "cordova-plugin-inappbrowser/CDVInAppBrowser.h"; sourceTree = "<group>"; };
		646211BCED5F437E9AA510A5 /* CoreLocation.framework */ = {isa = PBXFileReference; explicitFileType = undefined; fileEncoding = 9; includeInIndex = 0; lastKnownFileType = wrapper.framework; name = CoreLocation.framework; path = System/Library/Frameworks/CoreLocation.framework; sourceTree = SDKROOT; };
		6C3C9A1A403145B29BF6830A /* PayPalPayment.h */ = {isa = PBXFileReference; explicitFileType = undefined; fileEncoding = 4; includeInIndex = 0; lastKnownFileType = sourcecode.c.h; name = PayPalPayment.h; path = com.paypal.cordova.mobilesdk/PayPalPayment.h; sourceTree = "<group>"; };
		75E97D811F5E41B89938EA2C /* QuartzCore.framework */ = {isa = PBXFileReference; explicitFileType = undefined; fileEncoding = 9; includeInIndex = 0; lastKnownFileType = wrapper.framework; name = QuartzCore.framework; path = System/Library/Frameworks/QuartzCore.framework; sourceTree = SDKROOT; };
		782CAAF4A5924A0E9376CCFD /* SystemConfiguration.framework */ = {isa = PBXFileReference; explicitFileType = undefined; fileEncoding = 9; includeInIndex = 0; lastKnownFileType = wrapper.framework; name = SystemConfiguration.framework; path = System/Library/Frameworks/SystemConfiguration.framework; sourceTree = SDKROOT; };
		805FE55C9F0B4C279181894E /* AddressBook.framework */ = {isa = PBXFileReference; explicitFileType = undefined; fileEncoding = 9; includeInIndex = 0; lastKnownFileType = wrapper.framework; name = AddressBook.framework; path = System/Library/Frameworks/AddressBook.framework; sourceTree = SDKROOT; };
		84532C893D3A40B3A3664838 /* PayPalOAuthScopes.h */ = {isa = PBXFileReference; explicitFileType = undefined; fileEncoding = 4; includeInIndex = 0; lastKnownFileType = sourcecode.c.h; name = PayPalOAuthScopes.h; path = com.paypal.cordova.mobilesdk/PayPalOAuthScopes.h; sourceTree = "<group>"; };
		850064B11CC04747A8E1F3A3 /* SafariServices.framework */ = {isa = PBXFileReference; explicitFileType = undefined; fileEncoding = 9; includeInIndex = 0; lastKnownFileType = wrapper.framework; name = SafariServices.framework; path = System/Library/Frameworks/SafariServices.framework; sourceTree = SDKROOT; };
		863363030A0141BC9AC47501 /* libz.dylib */ = {isa = PBXFileReference; explicitFileType = undefined; fileEncoding = 9; includeInIndex = 0; lastKnownFileType = "compiled.mach-o.dylib"; name = libz.dylib; path = usr/lib/libz.dylib; sourceTree = SDKROOT; };
		8B003D3A37FE4195A3C48063 /* libopencv_imgproc.a */ = {isa = PBXFileReference; explicitFileType = undefined; fileEncoding = 9; includeInIndex = 0; lastKnownFileType = archive.ar; path = libopencv_imgproc.a; sourceTree = "<group>"; };
		8D1107310486CEB800E47090 /* JargerGin-Info.plist */ = {isa = PBXFileReference; fileEncoding = 4; lastKnownFileType = text.plist.xml; name = "JargerGin-Info.plist"; path = "JargerGin/JargerGin-Info.plist"; plistStructureDefinitionIdentifier = "com.apple.xcode.plist.structure-definition.iphone.info-plist"; sourceTree = SOURCE_ROOT; };
		934CA86551C24F0B9DAF5D14 /* AudioToolbox.framework */ = {isa = PBXFileReference; explicitFileType = undefined; fileEncoding = 9; includeInIndex = 0; lastKnownFileType = wrapper.framework; name = AudioToolbox.framework; path = System/Library/Frameworks/AudioToolbox.framework; sourceTree = SDKROOT; };
		93CB3324157542569873B58B /* PayPalMobileCordovaPlugin.m */ = {isa = PBXFileReference; explicitFileType = undefined; fileEncoding = 4; includeInIndex = 0; lastKnownFileType = sourcecode.c.objc; name = PayPalMobileCordovaPlugin.m; path = com.paypal.cordova.mobilesdk/PayPalMobileCordovaPlugin.m; sourceTree = "<group>"; };
		A1C25E47509B4089B6FD98B2 /* Accelerate.framework */ = {isa = PBXFileReference; explicitFileType = undefined; fileEncoding = 9; includeInIndex = 0; lastKnownFileType = wrapper.framework; name = Accelerate.framework; path = System/Library/Frameworks/Accelerate.framework; sourceTree = SDKROOT; };
		A32FE498D3C7412E8AA8E845 /* Security.framework */ = {isa = PBXFileReference; explicitFileType = undefined; fileEncoding = 9; includeInIndex = 0; lastKnownFileType = wrapper.framework; name = Security.framework; path = System/Library/Frameworks/Security.framework; sourceTree = SDKROOT; };
		A81CE1F3DC10434288CFBC6A /* UIKit.framework */ = {isa = PBXFileReference; explicitFileType = undefined; fileEncoding = 9; includeInIndex = 0; lastKnownFileType = wrapper.framework; name = UIKit.framework; path = System/Library/Frameworks/UIKit.framework; sourceTree = SDKROOT; };
		AF63292BD93B4147B23B61F0 /* PayPalFuturePaymentViewController.h */ = {isa = PBXFileReference; explicitFileType = undefined; fileEncoding = 4; includeInIndex = 0; lastKnownFileType = sourcecode.c.h; name = PayPalFuturePaymentViewController.h; path = com.paypal.cordova.mobilesdk/PayPalFuturePaymentViewController.h; sourceTree = "<group>"; };
		B1A4A12F78594016AC90E64A /* libc++.dylib */ = {isa = PBXFileReference; explicitFileType = undefined; fileEncoding = 9; includeInIndex = 0; lastKnownFileType = "compiled.mach-o.dylib"; name = "libc++.dylib"; path = "usr/lib/libc++.dylib"; sourceTree = SDKROOT; };
		BADFC249142940CC8D367322 /* libPayPalMobile.a */ = {isa = PBXFileReference; explicitFileType = undefined; fileEncoding = 9; includeInIndex = 0; lastKnownFileType = archive.ar; name = libPayPalMobile.a; path = JargerGin/Plugins/com.paypal.cordova.mobilesdk/libPayPalMobile.a; sourceTree = "<group>"; };
		BE7E901A96984AAA8FC71674 /* CoreText.framework */ = {isa = PBXFileReference; explicitFileType = undefined; fileEncoding = 9; includeInIndex = 0; lastKnownFileType = wrapper.framework; name = CoreText.framework; path = System/Library/Frameworks/CoreText.framework; sourceTree = SDKROOT; };
		C044666FE01A4614AAA43E7D /* CDVLocation.h */ = {isa = PBXFileReference; explicitFileType = undefined; fileEncoding = 4; includeInIndex = 0; lastKnownFileType = sourcecode.c.h; name = CDVLocation.h; path = "cordova-plugin-geolocation/CDVLocation.h"; sourceTree = "<group>"; };
		C96926042C8D4ECDBFEBE5D4 /* CFNetwork.framework */ = {isa = PBXFileReference; explicitFileType = undefined; fileEncoding = 9; includeInIndex = 0; lastKnownFileType = wrapper.framework; name = CFNetwork.framework; path = System/Library/Frameworks/CFNetwork.framework; sourceTree = SDKROOT; };
		CE5B6315E3694F0BA0113680 /* CDVInAppBrowser.m */ = {isa = PBXFileReference; explicitFileType = undefined; fileEncoding = 4; includeInIndex = 0; lastKnownFileType = sourcecode.c.objc; name = CDVInAppBrowser.m; path = "cordova-plugin-inappbrowser/CDVInAppBrowser.m"; sourceTree = "<group>"; };
		D26AA5B7F6684284B14BD63F /* libopencv_core.a */ = {isa = PBXFileReference; explicitFileType = undefined; fileEncoding = 9; includeInIndex = 0; lastKnownFileType = archive.ar; name = libopencv_core.a; path = JargerGin/Plugins/com.paypal.cordova.mobilesdk/libopencv_core.a; sourceTree = "<group>"; };
		D5C04B93ECBF40A6879B330A /* libCardIO.a */ = {isa = PBXFileReference; explicitFileType = undefined; fileEncoding = 9; includeInIndex = 0; lastKnownFileType = archive.ar; path = libCardIO.a; sourceTree = "<group>"; };
		D61A89689A494DFAA309AC0D /* CDVLocation.m */ = {isa = PBXFileReference; explicitFileType = undefined; fileEncoding = 4; includeInIndex = 0; lastKnownFileType = sourcecode.c.objc; name = CDVLocation.m; path = "cordova-plugin-geolocation/CDVLocation.m"; sourceTree = "<group>"; };
		DDAAB2FB4B7C4560BB355FE7 /* libCardIO.a */ = {isa = PBXFileReference; explicitFileType = undefined; fileEncoding = 9; includeInIndex = 0; lastKnownFileType = archive.ar; name = libCardIO.a; path = JargerGin/Plugins/com.paypal.cordova.mobilesdk/libCardIO.a; sourceTree = "<group>"; };
		E2FA86C8A1254879A9955832 /* CoreMedia.framework */ = {isa = PBXFileReference; explicitFileType = undefined; fileEncoding = 9; includeInIndex = 0; lastKnownFileType = wrapper.framework; name = CoreMedia.framework; path = System/Library/Frameworks/CoreMedia.framework; sourceTree = SDKROOT; };
		E57DE4141B7347A294675A49 /* libz.tbd */ = {isa = PBXFileReference; explicitFileType = undefined; fileEncoding = 9; includeInIndex = 0; lastKnownFileType = unknown; path = libz.tbd; sourceTree = "<group>"; };
		EB87FDF31871DA8E0020F90C /* www */ = {isa = PBXFileReference; lastKnownFileType = folder; name = www; path = ../../www; sourceTree = "<group>"; };
		EB87FDF41871DAF40020F90C /* config.xml */ = {isa = PBXFileReference; lastKnownFileType = text.xml; name = config.xml; path = ../../config.xml; sourceTree = "<group>"; };
		ECA46214EA4E4E0BA19D92F5 /* MessageUI.framework */ = {isa = PBXFileReference; explicitFileType = undefined; fileEncoding = 9; includeInIndex = 0; lastKnownFileType = wrapper.framework; name = MessageUI.framework; path = System/Library/Frameworks/MessageUI.framework; sourceTree = SDKROOT; };
		ED33DF2A687741AEAF9F8254 /* Bridging-Header.h */ = {isa = PBXFileReference; fileEncoding = 4; lastKnownFileType = sourcecode.c.h; path = "Bridging-Header.h"; sourceTree = "<group>"; };
		F763258A525E4ACAAE63A1A1 /* PayPalPaymentViewController.h */ = {isa = PBXFileReference; explicitFileType = undefined; fileEncoding = 4; includeInIndex = 0; lastKnownFileType = sourcecode.c.h; name = PayPalPaymentViewController.h; path = com.paypal.cordova.mobilesdk/PayPalPaymentViewController.h; sourceTree = "<group>"; };
		F840E1F0165FE0F500CFE078 /* config.xml */ = {isa = PBXFileReference; lastKnownFileType = text.xml; name = config.xml; path = JargerGin/config.xml; sourceTree = "<group>"; };
/* End PBXFileReference section */

/* Begin PBXFrameworksBuildPhase section */
		1D60588F0D05DD3D006BFB54 /* Frameworks */ = {
			isa = PBXFrameworksBuildPhase;
			buildActionMask = 2147483647;
			files = (
				371320721CC9C51600D08DE4 /* StoreKit.framework in Frameworks */,
				301BF552109A68D80062928A /* libCordova.a in Frameworks */,
				D31782E1C4F944F3A74DB142 /* libPayPalMobile.a in Frameworks */,
				71D3467EA806469E85FD79D0 /* libCardIO.a in Frameworks */,
				2F6A2261649743A2B107A959 /* libopencv_core.a in Frameworks */,
				C730D303CDA948918994FBC3 /* libopencv_imgproc.a in Frameworks */,
				1E11F86B92EF4FA38A7BCF8F /* Accelerate.framework in Frameworks */,
				5C45DD7DA4124D64AD215884 /* AudioToolbox.framework in Frameworks */,
				DAFF08201E0549A58C605871 /* AVFoundation.framework in Frameworks */,
				443DF6466CF0429DBF7D6358 /* CFNetwork.framework in Frameworks */,
				1AFD68DEEA9B4660AC4BE45C /* CoreLocation.framework in Frameworks */,
				5431C0753E8C4D1AB959BBBB /* CoreMedia.framework in Frameworks */,
				2ECD0FB524DD4B89886904C8 /* CoreVideo.framework in Frameworks */,
				EB07558CCF2F4A57B04452EC /* MessageUI.framework in Frameworks */,
				3C45CFBB22F24B65B42153CB /* OpenGLES.framework in Frameworks */,
				B222D14F10F34E65A76FB72B /* Security.framework in Frameworks */,
				C5E78569CE7249A18ACC9334 /* SafariServices.framework in Frameworks */,
				5AC1D3CB71BC4C478F140CB2 /* SystemConfiguration.framework in Frameworks */,
				744E82A64D8D40B4AB6C4E8F /* QuartzCore.framework in Frameworks */,
				39DA1159730A4F77A4EC43C4 /* UIKit.framework in Frameworks */,
				E00FE1B34D1C4C80BE9957CC /* libc++.dylib in Frameworks */,
				6424ADD27D6D449AAE079D8F /* libPayPalMobile.a in Frameworks */,
				B84C566FEE4040728CB57FF3 /* libCardIO.a in Frameworks */,
				BE62F8B1AE3E42E694F02B34 /* libopencv_core.a in Frameworks */,
				C687DDA0082A4C418E6F67C5 /* libopencv_imgproc.a in Frameworks */,
				A6CB844E44EC418EB192C40E /* AddressBook.framework in Frameworks */,
				32615E3ADB21421786D4A41E /* CoreText.framework in Frameworks */,
				30C0B8E9C2DD44DA8BAFA598 /* libz.tbd in Frameworks */,
				94524940CA8949438C00B425 /* libz.dylib in Frameworks */,
			);
			runOnlyForDeploymentPostprocessing = 0;
		};
/* End PBXFrameworksBuildPhase section */

/* Begin PBXGroup section */
		080E96DDFE201D6D7F000001 /* Classes */ = {
			isa = PBXGroup;
			children = (
				302D95EE14D2391D003F00A1 /* MainViewController.h */,
				302D95EF14D2391D003F00A1 /* MainViewController.m */,
				302D95F014D2391D003F00A1 /* MainViewController.xib */,
				1D3623240D0F684500981E51 /* AppDelegate.h */,
				1D3623250D0F684500981E51 /* AppDelegate.m */,
			);
			name = Classes;
			path = JargerGin/Classes;
			sourceTree = SOURCE_ROOT;
		};
		19C28FACFE9D520D11CA2CBB /* Products */ = {
			isa = PBXGroup;
			children = (
				1D6058910D05DD3D006BFB54 /* JargerGin.app */,
			);
			name = Products;
			sourceTree = "<group>";
		};
		29B97314FDCFA39411CA2CEA /* CustomTemplate */ = {
			isa = PBXGroup;
			children = (
				EB87FDF41871DAF40020F90C /* config.xml */,
				EB87FDF31871DA8E0020F90C /* www */,
				EB87FDF11871DA420020F90C /* Staging */,
				301BF52D109A57CC0062928A /* CordovaLib.xcodeproj */,
				080E96DDFE201D6D7F000001 /* Classes */,
				307C750510C5A3420062BCA9 /* Plugins */,
				29B97315FDCFA39411CA2CEA /* Other Sources */,
				29B97317FDCFA39411CA2CEA /* Resources */,
				29B97323FDCFA39411CA2CEA /* Frameworks */,
				19C28FACFE9D520D11CA2CBB /* Products */,
			);
			name = CustomTemplate;
			sourceTree = "<group>";
		};
		29B97315FDCFA39411CA2CEA /* Other Sources */ = {
			isa = PBXGroup;
			children = (
				32CA4F630368D1EE00C91783 /* JargerGin-Prefix.pch */,
				29B97316FDCFA39411CA2CEA /* main.m */,
				ED33DF2A687741AEAF9F8254 /* Bridging-Header.h */,
			);
			name = "Other Sources";
			path = JargerGin;
			sourceTree = "<group>";
		};
		29B97317FDCFA39411CA2CEA /* Resources */ = {
			isa = PBXGroup;
			children = (
				0207DA571B56EA530066E2B4 /* Images.xcassets */,
				3047A50E1AB8057F00498E2A /* config */,
				8D1107310486CEB800E47090 /* JargerGin-Info.plist */,
			);
			name = Resources;
			path = JargerGin/Resources;
			sourceTree = "<group>";
		};
		29B97323FDCFA39411CA2CEA /* Frameworks */ = {
			isa = PBXGroup;
			children = (
				371320711CC9C51600D08DE4 /* StoreKit.framework */,
				BADFC249142940CC8D367322 /* libPayPalMobile.a */,
				DDAAB2FB4B7C4560BB355FE7 /* libCardIO.a */,
				D26AA5B7F6684284B14BD63F /* libopencv_core.a */,
				430FE2A9FC0744B5A7A71E1E /* libopencv_imgproc.a */,
				A1C25E47509B4089B6FD98B2 /* Accelerate.framework */,
				934CA86551C24F0B9DAF5D14 /* AudioToolbox.framework */,
				24EEB19E51B84F59B843E04F /* AVFoundation.framework */,
				C96926042C8D4ECDBFEBE5D4 /* CFNetwork.framework */,
				646211BCED5F437E9AA510A5 /* CoreLocation.framework */,
				E2FA86C8A1254879A9955832 /* CoreMedia.framework */,
				31C5164BC6964CCDB1F0433F /* CoreVideo.framework */,
				ECA46214EA4E4E0BA19D92F5 /* MessageUI.framework */,
				5114FB19FF1141BCA5BD7E4C /* OpenGLES.framework */,
				A32FE498D3C7412E8AA8E845 /* Security.framework */,
				850064B11CC04747A8E1F3A3 /* SafariServices.framework */,
				782CAAF4A5924A0E9376CCFD /* SystemConfiguration.framework */,
				75E97D811F5E41B89938EA2C /* QuartzCore.framework */,
				A81CE1F3DC10434288CFBC6A /* UIKit.framework */,
				B1A4A12F78594016AC90E64A /* libc++.dylib */,
				23735529F0BF45DBAB8D990E /* libPayPalMobile.a */,
				D5C04B93ECBF40A6879B330A /* libCardIO.a */,
				4B95292CA70F412F9CC63237 /* libopencv_core.a */,
				8B003D3A37FE4195A3C48063 /* libopencv_imgproc.a */,
				805FE55C9F0B4C279181894E /* AddressBook.framework */,
				BE7E901A96984AAA8FC71674 /* CoreText.framework */,
				E57DE4141B7347A294675A49 /* libz.tbd */,
				863363030A0141BC9AC47501 /* libz.dylib */,
			);
			name = Frameworks;
			sourceTree = "<group>";
		};
		301BF52E109A57CC0062928A /* Products */ = {
			isa = PBXGroup;
			children = (
				301BF535109A57CC0062928A /* libCordova.a */,
			);
			name = Products;
			sourceTree = "<group>";
		};
		3047A50E1AB8057F00498E2A /* config */ = {
			isa = PBXGroup;
			children = (
				3047A50F1AB8059700498E2A /* build-debug.xcconfig */,
				3047A5101AB8059700498E2A /* build-release.xcconfig */,
				3047A5111AB8059700498E2A /* build.xcconfig */,
			);
			name = config;
			sourceTree = "<group>";
		};
		307C750510C5A3420062BCA9 /* Plugins */ = {
			isa = PBXGroup;
			children = (
				93CB3324157542569873B58B /* PayPalMobileCordovaPlugin.m */,
				1C51C0350F604FCCB618CBAD /* PayPalMobileCordovaPlugin.h */,
				2245C9CBC84A4A5C9BDFB603 /* PayPalConfiguration.h */,
				AF63292BD93B4147B23B61F0 /* PayPalFuturePaymentViewController.h */,
				07CCC7000B2443EEB5100B4D /* PayPalMobile.h */,
				84532C893D3A40B3A3664838 /* PayPalOAuthScopes.h */,
				6C3C9A1A403145B29BF6830A /* PayPalPayment.h */,
				F763258A525E4ACAAE63A1A1 /* PayPalPaymentViewController.h */,
				26327754F0D24DE9A49D86C9 /* PayPalProfileSharingViewController.h */,
				D61A89689A494DFAA309AC0D /* CDVLocation.m */,
				C044666FE01A4614AAA43E7D /* CDVLocation.h */,
				CE5B6315E3694F0BA0113680 /* CDVInAppBrowser.m */,
				515CE92DAA1F48F28FB681E8 /* CDVInAppBrowser.h */,
			);
			name = Plugins;
			path = JargerGin/Plugins;
			sourceTree = SOURCE_ROOT;
		};
		EB87FDF11871DA420020F90C /* Staging */ = {
			isa = PBXGroup;
			children = (
				F840E1F0165FE0F500CFE078 /* config.xml */,
				301BF56E109A69640062928A /* www */,
			);
			name = Staging;
			sourceTree = "<group>";
		};
/* End PBXGroup section */

/* Begin PBXNativeTarget section */
		1D6058900D05DD3D006BFB54 /* JargerGin */ = {
			isa = PBXNativeTarget;
			buildConfigurationList = 1D6058960D05DD3E006BFB54 /* Build configuration list for PBXNativeTarget "JargerGin" */;
			buildPhases = (
				304B58A110DAC018002A0835 /* Copy www directory */,
				1D60588D0D05DD3D006BFB54 /* Resources */,
				1D60588E0D05DD3D006BFB54 /* Sources */,
				1D60588F0D05DD3D006BFB54 /* Frameworks */,
			);
			buildRules = (
			);
			dependencies = (
				301BF551109A68C00062928A /* PBXTargetDependency */,
			);
			name = JargerGin;
			productName = JargerGin;
			productReference = 1D6058910D05DD3D006BFB54 /* JargerGin.app */;
			productType = "com.apple.product-type.application";
		};
/* End PBXNativeTarget section */

/* Begin PBXProject section */
		29B97313FDCFA39411CA2CEA /* Project object */ = {
			isa = PBXProject;
			attributes = {
				LastUpgradeCheck = 0730;
				TargetAttributes = {
					1D6058900D05DD3D006BFB54 = {
						DevelopmentTeam = NY9X444B4J;
						SystemCapabilities = {
							com.apple.InAppPurchase = {
								enabled = 0;
							};
						};
					};
				};
			};
			buildConfigurationList = C01FCF4E08A954540054247B /* Build configuration list for PBXProject "JargerGin" */;
			compatibilityVersion = "Xcode 3.2";
			developmentRegion = English;
			hasScannedForEncodings = 1;
			knownRegions = (
				en,
			);
			mainGroup = 29B97314FDCFA39411CA2CEA /* CustomTemplate */;
			projectDirPath = "";
			projectReferences = (
				{
					ProductGroup = 301BF52E109A57CC0062928A /* Products */;
					ProjectRef = 301BF52D109A57CC0062928A /* CordovaLib.xcodeproj */;
				},
			);
			projectRoot = "";
			targets = (
				1D6058900D05DD3D006BFB54 /* JargerGin */,
			);
		};
/* End PBXProject section */

/* Begin PBXReferenceProxy section */
		301BF535109A57CC0062928A /* libCordova.a */ = {
			isa = PBXReferenceProxy;
			fileType = archive.ar;
			path = libCordova.a;
			remoteRef = 301BF534109A57CC0062928A /* PBXContainerItemProxy */;
			sourceTree = BUILT_PRODUCTS_DIR;
		};
/* End PBXReferenceProxy section */

/* Begin PBXResourcesBuildPhase section */
		1D60588D0D05DD3D006BFB54 /* Resources */ = {
			isa = PBXResourcesBuildPhase;
			buildActionMask = 2147483647;
			files = (
				302D95F214D2391D003F00A1 /* MainViewController.xib in Resources */,
				0207DA581B56EA530066E2B4 /* Images.xcassets in Resources */,
			);
			runOnlyForDeploymentPostprocessing = 0;
		};
/* End PBXResourcesBuildPhase section */

/* Begin PBXShellScriptBuildPhase section */
		304B58A110DAC018002A0835 /* Copy www directory */ = {
			isa = PBXShellScriptBuildPhase;
			buildActionMask = 2147483647;
			files = (
			);
			inputPaths = (
			);
			name = "Copy www directory";
			outputPaths = (
			);
			runOnlyForDeploymentPostprocessing = 0;
			shellPath = /bin/sh;
			shellScript = "NODEJS_PATH=/usr/local/bin; NVM_NODE_PATH=~/.nvm/versions/node/`nvm version 2>/dev/null`/bin; N_NODE_PATH=`find /usr/local/n/versions/node/* -maxdepth 0 -type d 2>/dev/null | tail -1`/bin; XCODE_NODE_PATH=`xcode-select --print-path`/usr/share/xcs/Node/bin; PATH=$NODEJS_PATH:$NVM_NODE_PATH:$N_NODE_PATH:$XCODE_NODE_PATH:$PATH && node cordova/lib/copy-www-build-step.js";
			showEnvVarsInLog = 0;
		};
/* End PBXShellScriptBuildPhase section */

/* Begin PBXSourcesBuildPhase section */
		1D60588E0D05DD3D006BFB54 /* Sources */ = {
			isa = PBXSourcesBuildPhase;
			buildActionMask = 2147483647;
			files = (
				1D60589B0D05DD56006BFB54 /* main.m in Sources */,
				1D3623260D0F684500981E51 /* AppDelegate.m in Sources */,
				302D95F114D2391D003F00A1 /* MainViewController.m in Sources */,
				8640FB1B77FC4E5A98FFB70E /* PayPalMobileCordovaPlugin.m in Sources */,
				7D413E49F02C42B9BFE67E5F /* CDVLocation.m in Sources */,
				67D54CEA7803416D9AE913D9 /* CDVInAppBrowser.m in Sources */,
			);
			runOnlyForDeploymentPostprocessing = 0;
		};
/* End PBXSourcesBuildPhase section */

/* Begin PBXTargetDependency section */
		301BF551109A68C00062928A /* PBXTargetDependency */ = {
			isa = PBXTargetDependency;
			name = CordovaLib;
			targetProxy = 301BF550109A68C00062928A /* PBXContainerItemProxy */;
		};
/* End PBXTargetDependency section */

/* Begin XCBuildConfiguration section */
		1D6058940D05DD3E006BFB54 /* Debug */ = {
			isa = XCBuildConfiguration;
			baseConfigurationReference = 3047A50F1AB8059700498E2A /* build-debug.xcconfig */;
			buildSettings = {
				ALWAYS_SEARCH_USER_PATHS = NO;
				ASSETCATALOG_COMPILER_APPICON_NAME = AppIcon;
				ASSETCATALOG_COMPILER_LAUNCHIMAGE_NAME = LaunchImage;
				CLANG_ENABLE_MODULES = YES;
				CLANG_ENABLE_OBJC_ARC = YES;
				CODE_SIGN_IDENTITY = "iPhone Developer";
				"CODE_SIGN_IDENTITY[sdk=iphoneos*]" = "iPhone Developer";
				COPY_PHASE_STRIP = NO;
				FRAMEWORK_SEARCH_PATHS = (
					"$(inherited)",
					"\"JargerGin/Plugins/cordova-plugin-googleplus\"",
					"\"JargerGin/Plugins/cordova-plugin-googleplus\"",
					"\"JargerGin/Plugins/cordova-plugin-googleplus\"",
				);
				GCC_DYNAMIC_NO_PIC = NO;
				GCC_OPTIMIZATION_LEVEL = 0;
				GCC_PRECOMPILE_PREFIX_HEADER = YES;
				GCC_PREFIX_HEADER = "JargerGin/JargerGin-Prefix.pch";
				GCC_THUMB_SUPPORT = NO;
				GCC_VERSION = "";
				INFOPLIST_FILE = "JargerGin/JargerGin-Info.plist";
				IPHONEOS_DEPLOYMENT_TARGET = 9.3;
				LD_RUNPATH_SEARCH_PATHS = "@executable_path/Frameworks";
				LIBRARY_SEARCH_PATHS = (
					"$(inherited)",
					"\"$(SRCROOT)/JargerGin/Plugins/com.paypal.cordova.mobilesdk\"",
					"\"$(SRCROOT)/JargerGin/Plugins/com.paypal.cordova.mobilesdk\"",
					"\"$(SRCROOT)/JargerGin/Plugins/com.paypal.cordova.mobilesdk\"",
					"\"$(SRCROOT)/JargerGin/Plugins/com.paypal.cordova.mobilesdk\"",
				);
				PRODUCT_BUNDLE_IDENTIFIER = com.jagergin.app;
				PRODUCT_NAME = JargerGin;
				PROVISIONING_PROFILE = "";
			};
			name = Debug;
		};
		1D6058950D05DD3E006BFB54 /* Release */ = {
			isa = XCBuildConfiguration;
			baseConfigurationReference = 3047A5101AB8059700498E2A /* build-release.xcconfig */;
			buildSettings = {
				ALWAYS_SEARCH_USER_PATHS = NO;
				ASSETCATALOG_COMPILER_APPICON_NAME = AppIcon;
				ASSETCATALOG_COMPILER_LAUNCHIMAGE_NAME = LaunchImage;
				CLANG_ENABLE_MODULES = YES;
				CLANG_ENABLE_OBJC_ARC = YES;
				CODE_SIGN_IDENTITY = "iPhone Developer";
				"CODE_SIGN_IDENTITY[sdk=iphoneos*]" = "iPhone Developer";
				COPY_PHASE_STRIP = YES;
				FRAMEWORK_SEARCH_PATHS = (
					"$(inherited)",
					"\"JargerGin/Plugins/cordova-plugin-googleplus\"",
					"\"JargerGin/Plugins/cordova-plugin-googleplus\"",
					"\"JargerGin/Plugins/cordova-plugin-googleplus\"",
				);
				GCC_PRECOMPILE_PREFIX_HEADER = YES;
				GCC_PREFIX_HEADER = "JargerGin/JargerGin-Prefix.pch";
				GCC_THUMB_SUPPORT = NO;
				GCC_VERSION = "";
				INFOPLIST_FILE = "JargerGin/JargerGin-Info.plist";
				IPHONEOS_DEPLOYMENT_TARGET = 9.3;
				LIBRARY_SEARCH_PATHS = (
					"$(inherited)",
					"\"$(SRCROOT)/JargerGin/Plugins/com.paypal.cordova.mobilesdk\"",
					"\"$(SRCROOT)/JargerGin/Plugins/com.paypal.cordova.mobilesdk\"",
					"\"$(SRCROOT)/JargerGin/Plugins/com.paypal.cordova.mobilesdk\"",
					"\"$(SRCROOT)/JargerGin/Plugins/com.paypal.cordova.mobilesdk\"",
				);
				PRODUCT_BUNDLE_IDENTIFIER = com.jagergin.app;
				PRODUCT_NAME = JargerGin;
				PROVISIONING_PROFILE = "";
			};
			name = Release;
		};
		C01FCF4F08A954540054247B /* Debug */ = {
			isa = XCBuildConfiguration;
			baseConfigurationReference = 3047A5111AB8059700498E2A /* build.xcconfig */;
			buildSettings = {
				CLANG_ENABLE_MODULES = YES;
				CLANG_ENABLE_OBJC_ARC = YES;
				CLANG_WARN_BOOL_CONVERSION = YES;
				CLANG_WARN_CONSTANT_CONVERSION = YES;
				CLANG_WARN_EMPTY_BODY = YES;
				CLANG_WARN_ENUM_CONVERSION = YES;
				CLANG_WARN_INT_CONVERSION = YES;
				CLANG_WARN__DUPLICATE_METHOD_MATCH = YES;
				ENABLE_TESTABILITY = YES;
				GCC_C_LANGUAGE_STANDARD = c99;
				GCC_THUMB_SUPPORT = NO;
				GCC_VERSION = "";
				GCC_WARN_ABOUT_RETURN_TYPE = YES;
				GCC_WARN_UNDECLARED_SELECTOR = YES;
				GCC_WARN_UNINITIALIZED_AUTOS = YES;
				GCC_WARN_UNUSED_FUNCTION = YES;
				GCC_WARN_UNUSED_VARIABLE = YES;
				ONLY_ACTIVE_ARCH = YES;
				SDKROOT = iphoneos;
				SKIP_INSTALL = NO;
			};
			name = Debug;
		};
		C01FCF5008A954540054247B /* Release */ = {
			isa = XCBuildConfiguration;
			baseConfigurationReference = 3047A5111AB8059700498E2A /* build.xcconfig */;
			buildSettings = {
				CLANG_ENABLE_MODULES = YES;
				CLANG_ENABLE_OBJC_ARC = YES;
				CLANG_WARN_BOOL_CONVERSION = YES;
				CLANG_WARN_CONSTANT_CONVERSION = YES;
				CLANG_WARN_EMPTY_BODY = YES;
				CLANG_WARN_ENUM_CONVERSION = YES;
				CLANG_WARN_INT_CONVERSION = YES;
				CLANG_WARN__DUPLICATE_METHOD_MATCH = YES;
				GCC_C_LANGUAGE_STANDARD = c99;
				GCC_THUMB_SUPPORT = NO;
				GCC_VERSION = "";
				GCC_WARN_ABOUT_RETURN_TYPE = YES;
				GCC_WARN_UNDECLARED_SELECTOR = YES;
				GCC_WARN_UNINITIALIZED_AUTOS = YES;
				GCC_WARN_UNUSED_FUNCTION = YES;
				GCC_WARN_UNUSED_VARIABLE = YES;
				SDKROOT = iphoneos;
				SKIP_INSTALL = NO;
			};
			name = Release;
		};
/* End XCBuildConfiguration section */

/* Begin XCConfigurationList section */
		1D6058960D05DD3E006BFB54 /* Build configuration list for PBXNativeTarget "JargerGin" */ = {
			isa = XCConfigurationList;
			buildConfigurations = (
				1D6058940D05DD3E006BFB54 /* Debug */,
				1D6058950D05DD3E006BFB54 /* Release */,
			);
			defaultConfigurationIsVisible = 0;
			defaultConfigurationName = Release;
		};
		C01FCF4E08A954540054247B /* Build configuration list for PBXProject "JargerGin" */ = {
			isa = XCConfigurationList;
			buildConfigurations = (
				C01FCF4F08A954540054247B /* Debug */,
				C01FCF5008A954540054247B /* Release */,
			);
			defaultConfigurationIsVisible = 0;
			defaultConfigurationName = Release;
		};
/* End XCConfigurationList section */
	};
	rootObject = 29B97313FDCFA39411CA2CEA /* Project object */;
}
